
Microsoft Visual Studio Solution File, Format Version 12.00
Project("{FAE04EC0-301F-11D3-BF4B-00C04F79EFBC}") = "PatchBuilder", "PatchBuilder\PatchBuilder.csproj", "{019A3FE8-720E-4EAA-A540-E48124054D4D}"
EndProject
Project("{FAE04EC0-301F-11D3-BF4B-00C04F79EFBC}") = "DTOs", "DTOs\DTOs.csproj", "{40916AB9-D95A-48D2-BA59-A7A0B26BB332}"
EndProject
Project("{FAE04EC0-301F-11D3-BF4B-00C04F79EFBC}") = "Patcher", "Patcher\Patcher.csproj", "{BAB676C2-F096-4AE1-ABA6-66A36B0EF5E7}"
EndProject
Project("{FAE04EC0-301F-11D3-BF4B-00C04F79EFBC}") = "MakeSelfContained", "MakeSelfContained\MakeSelfContained.csproj", "{366CA5FE-A7F2-44B4-B431-874294DC9C03}"
EndProject
Global
	GlobalSection(SolutionConfigurationPlatforms) = preSolution
		Debug|Any CPU = Debug|Any CPU
		Release|Any CPU = Release|Any CPU
	EndGlobalSection
	GlobalSection(ProjectConfigurationPlatforms) = postSolution
		{019A3FE8-720E-4EAA-A540-E48124054D4D}.Debug|Any CPU.ActiveCfg = Debug|Any CPU
		{019A3FE8-720E-4EAA-A540-E48124054D4D}.Debug|Any CPU.Build.0 = Debug|Any CPU
		{019A3FE8-720E-4EAA-A540-E48124054D4D}.Release|Any CPU.ActiveCfg = Release|Any CPU
		{019A3FE8-720E-4EAA-A540-E48124054D4D}.Release|Any CPU.Build.0 = Release|Any CPU
		{40916AB9-D95A-48D2-BA59-A7A0B26BB332}.Debug|Any CPU.ActiveCfg = Debug|Any CPU
		{40916AB9-D95A-48D2-BA59-A7A0B26BB332}.Debug|Any CPU.Build.0 = Debug|Any CPU
		{40916AB9-D95A-48D2-BA59-A7A0B26BB332}.Release|Any CPU.ActiveCfg = Release|Any CPU
		{40916AB9-D95A-48D2-BA59-A7A0B26BB332}.Release|Any CPU.Build.0 = Release|Any CPU
		{BAB676C2-F096-4AE1-ABA6-66A36B0EF5E7}.Debug|Any CPU.ActiveCfg = Debug|Any CPU
		{BAB676C2-F096-4AE1-ABA6-66A36B0EF5E7}.Debug|Any CPU.Build.0 = Debug|Any CPU
		{BAB676C2-F096-4AE1-ABA6-66A36B0EF5E7}.Release|Any CPU.ActiveCfg = Release|Any CPU
		{BAB676C2-F096-4AE1-ABA6-66A36B0EF5E7}.Release|Any CPU.Build.0 = Release|Any CPU
		{366CA5FE-A7F2-44B4-B431-874294DC9C03}.Debug|Any CPU.ActiveCfg = Debug|Any CPU
		{366CA5FE-A7F2-44B4-B431-874294DC9C03}.Debug|Any CPU.Build.0 = Debug|Any CPU
		{366CA5FE-A7F2-44B4-B431-874294DC9C03}.Release|Any CPU.ActiveCfg = Release|Any CPU
		{366CA5FE-A7F2-44B4-B431-874294DC9C03}.Release|Any CPU.Build.0 = Release|Any CPU
	EndGlobalSection
EndGlobal
